
Microsoft Visual Studio Solution File, Format Version 12.00
# Visual Studio Version 17
VisualStudioVersion = 17.2.32630.192
MinimumVisualStudioVersion = 10.0.40219.1
Project("{FAE04EC0-301F-11D3-BF4B-00C04F79EFBC}") = "StuManagement_WF", "StuManagement_WF\StuManagement_WF.csproj", "{4F74FA4C-60D2-4750-8D8F-E47BC433167B}"
EndProject
Global
	GlobalSection(SolutionConfigurationPlatforms) = preSolution
		Debug|Any CPU = Debug|Any CPU
		Release|Any CPU = Release|Any CPU
	EndGlobalSection
	GlobalSection(ProjectConfigurationPlatforms) = postSolution
		{4F74FA4C-60D2-4750-8D8F-E47BC433167B}.Debug|Any CPU.ActiveCfg = Debug|Any CPU
		{4F74FA4C-60D2-4750-8D8F-E47BC433167B}.Debug|Any CPU.Build.0 = Debug|Any CPU
		{4F74FA4C-60D2-4750-8D8F-E47BC433167B}.Release|Any CPU.ActiveCfg = Release|Any CPU
		{4F74FA4C-60D2-4750-8D8F-E47BC433167B}.Release|Any CPU.Build.0 = Release|Any CPU
	EndGlobalSection
	GlobalSection(SolutionProperties) = preSolution
		HideSolutionNode = FALSE
	EndGlobalSection
	GlobalSection(ExtensibilityGlobals) = postSolution
		SolutionGuid = {FF431E21-2283-4A04-BC24-ECE304156BB6}
	EndGlobalSection
EndGlobal
